
Microsoft Visual Studio Solution File, Format Version 12.00
# Visual Studio Version 17
VisualStudioVersion = 17.0.31919.166
MinimumVisualStudioVersion = 10.0.40219.1
Project("{2150E333-8FDC-42A3-9474-1A3956D46DE8}") = "src", "src", "{118B6623-0D24-4CCE-ACF2-E35425115C57}"
EndProject
Project("{9A19103F-16F7-4668-BE54-9A1E7A4F7556}") = "p1eXu5.Result", "src\p1eXu5.Result\p1eXu5.Result.csproj", "{8C112AD6-00CA-413E-B9F6-2D5CC2E2ACD9}"
EndProject
Project("{2150E333-8FDC-42A3-9474-1A3956D46DE8}") = "test", "test", "{43B8936D-1113-4100-8DAF-9CBBD546FAD1}"
EndProject
Project("{9A19103F-16F7-4668-BE54-9A1E7A4F7556}") = "p1eXu5.Result.Tests", "test\p1eXu5.Result.Tests\p1eXu5.Result.Tests.csproj", "{B3371DAB-52B9-436E-9E3D-CE30DD2E5082}"
EndProject
Project("{2150E333-8FDC-42A3-9474-1A3956D46DE8}") = ".github", ".github", "{508AA393-D6F6-4444-BE4D-7C9F12FED542}"
EndProject
Project("{2150E333-8FDC-42A3-9474-1A3956D46DE8}") = "workflows", "workflows", "{0F1F5DC3-790F-4728-9C89-88C46B45273B}"
	ProjectSection(SolutionItems) = preProject
		.github\workflows\publisher.yml = .github\workflows\publisher.yml
	EndProjectSection
EndProject
Project("{2150E333-8FDC-42A3-9474-1A3956D46DE8}") = "root", "root", "{F6635D61-6659-47D3-B022-400650813242}"
	ProjectSection(SolutionItems) = preProject
		README.md = README.md
	EndProjectSection
EndProject
Global
	GlobalSection(SolutionConfigurationPlatforms) = preSolution
		Debug|Any CPU = Debug|Any CPU
		Release|Any CPU = Release|Any CPU
	EndGlobalSection
	GlobalSection(ProjectConfigurationPlatforms) = postSolution
		{8C112AD6-00CA-413E-B9F6-2D5CC2E2ACD9}.Debug|Any CPU.ActiveCfg = Debug|Any CPU
		{8C112AD6-00CA-413E-B9F6-2D5CC2E2ACD9}.Debug|Any CPU.Build.0 = Debug|Any CPU
		{8C112AD6-00CA-413E-B9F6-2D5CC2E2ACD9}.Release|Any CPU.ActiveCfg = Release|Any CPU
		{8C112AD6-00CA-413E-B9F6-2D5CC2E2ACD9}.Release|Any CPU.Build.0 = Release|Any CPU
		{B3371DAB-52B9-436E-9E3D-CE30DD2E5082}.Debug|Any CPU.ActiveCfg = Debug|Any CPU
		{B3371DAB-52B9-436E-9E3D-CE30DD2E5082}.Debug|Any CPU.Build.0 = Debug|Any CPU
		{B3371DAB-52B9-436E-9E3D-CE30DD2E5082}.Release|Any CPU.ActiveCfg = Release|Any CPU
		{B3371DAB-52B9-436E-9E3D-CE30DD2E5082}.Release|Any CPU.Build.0 = Release|Any CPU
	EndGlobalSection
	GlobalSection(SolutionProperties) = preSolution
		HideSolutionNode = FALSE
	EndGlobalSection
	GlobalSection(NestedProjects) = preSolution
		{8C112AD6-00CA-413E-B9F6-2D5CC2E2ACD9} = {118B6623-0D24-4CCE-ACF2-E35425115C57}
		{B3371DAB-52B9-436E-9E3D-CE30DD2E5082} = {43B8936D-1113-4100-8DAF-9CBBD546FAD1}
		{0F1F5DC3-790F-4728-9C89-88C46B45273B} = {508AA393-D6F6-4444-BE4D-7C9F12FED542}
	EndGlobalSection
	GlobalSection(ExtensibilityGlobals) = postSolution
		SolutionGuid = {FB499A39-B754-4479-84CD-29982505F5FA}
	EndGlobalSection
EndGlobal
